// !$*UTF8*$!
{
	archiveVersion = 1;
	classes = {
	};
	objectVersion = 46;
	objects = {

/* Begin PBXBuildFile section */
		169ECEDC1C3B56E7004FD2BB /* MovieCell.swift in Sources */ = {isa = PBXBuildFile; fileRef = 169ECEDB1C3B56E7004FD2BB /* MovieCell.swift */; };
		16C4D10D1C3B490300516E4A /* AppDelegate.swift in Sources */ = {isa = PBXBuildFile; fileRef = 16C4D10C1C3B490300516E4A /* AppDelegate.swift */; };
		16C4D1121C3B490300516E4A /* Main.storyboard in Resources */ = {isa = PBXBuildFile; fileRef = 16C4D1101C3B490300516E4A /* Main.storyboard */; };
		16C4D1141C3B490300516E4A /* Assets.xcassets in Resources */ = {isa = PBXBuildFile; fileRef = 16C4D1131C3B490300516E4A /* Assets.xcassets */; };
		16C4D1171C3B490300516E4A /* LaunchScreen.storyboard in Resources */ = {isa = PBXBuildFile; fileRef = 16C4D1151C3B490300516E4A /* LaunchScreen.storyboard */; };
		16C4D11F1C3B49B600516E4A /* MovieViewController.swift in Sources */ = {isa = PBXBuildFile; fileRef = 16C4D11E1C3B49B600516E4A /* MovieViewController.swift */; };
/* End PBXBuildFile section */

/* Begin PBXFileReference section */
		169ECEDB1C3B56E7004FD2BB /* MovieCell.swift */ = {isa = PBXFileReference; fileEncoding = 4; lastKnownFileType = sourcecode.swift; path = MovieCell.swift; sourceTree = "<group>"; };
		16C4D1091C3B490200516E4A /* MovieViewer.app */ = {isa = PBXFileReference; explicitFileType = wrapper.application; includeInIndex = 0; path = MovieViewer.app; sourceTree = BUILT_PRODUCTS_DIR; };
		16C4D10C1C3B490300516E4A /* AppDelegate.swift */ = {isa = PBXFileReference; lastKnownFileType = sourcecode.swift; path = AppDelegate.swift; sourceTree = "<group>"; };
		16C4D1111C3B490300516E4A /* Base */ = {isa = PBXFileReference; lastKnownFileType = file.storyboard; name = Base; path = Base.lproj/Main.storyboard; sourceTree = "<group>"; };
		16C4D1131C3B490300516E4A /* Assets.xcassets */ = {isa = PBXFileReference; lastKnownFileType = folder.assetcatalog; path = Assets.xcassets; sourceTree = "<group>"; };
		16C4D1161C3B490300516E4A /* Base */ = {isa = PBXFileReference; lastKnownFileType = file.storyboard; name = Base; path = Base.lproj/LaunchScreen.storyboard; sourceTree = "<group>"; };
		16C4D1181C3B490300516E4A /* Info.plist */ = {isa = PBXFileReference; lastKnownFileType = text.plist.xml; path = Info.plist; sourceTree = "<group>"; };
		16C4D11E1C3B49B600516E4A /* MovieViewController.swift */ = {isa = PBXFileReference; fileEncoding = 4; lastKnownFileType = sourcecode.swift; path = MovieViewController.swift; sourceTree = "<group>"; };
/* End PBXFileReference section */

/* Begin PBXFrameworksBuildPhase section */
		16C4D1061C3B490200516E4A /* Frameworks */ = {
			isa = PBXFrameworksBuildPhase;
			buildActionMask = 2147483647;
			files = (
			);
			runOnlyForDeploymentPostprocessing = 0;
		};
/* End PBXFrameworksBuildPhase section */

/* Begin PBXGroup section */
		169ECEDA1C3B56C1004FD2BB /* Views */ = {
			isa = PBXGroup;
			children = (
				169ECEDB1C3B56E7004FD2BB /* MovieCell.swift */,
			);
			name = Views;
			sourceTree = "<group>";
		};
		169ECEDD1C3B5734004FD2BB /* view controllers */ = {
			isa = PBXGroup;
			children = (
				16C4D11E1C3B49B600516E4A /* MovieViewController.swift */,
			);
			name = "view controllers";
			sourceTree = "<group>";
		};
		16C4D1001C3B490200516E4A = {
			isa = PBXGroup;
			children = (
				16C4D10B1C3B490300516E4A /* MovieViewer */,
				16C4D10A1C3B490200516E4A /* Products */,
			);
			sourceTree = "<group>";
		};
		16C4D10A1C3B490200516E4A /* Products */ = {
			isa = PBXGroup;
			children = (
				16C4D1091C3B490200516E4A /* MovieViewer.app */,
			);
			name = Products;
			sourceTree = "<group>";
		};
		16C4D10B1C3B490300516E4A /* MovieViewer */ = {
			isa = PBXGroup;
			children = (
				169ECEDD1C3B5734004FD2BB /* view controllers */,
				169ECEDA1C3B56C1004FD2BB /* Views */,
				16C4D10C1C3B490300516E4A /* AppDelegate.swift */,
				16C4D1101C3B490300516E4A /* Main.storyboard */,
				16C4D1131C3B490300516E4A /* Assets.xcassets */,
				16C4D1151C3B490300516E4A /* LaunchScreen.storyboard */,
				16C4D1181C3B490300516E4A /* Info.plist */,
			);
			path = MovieViewer;
			sourceTree = "<group>";
		};
/* End PBXGroup section */

/* Begin PBXNativeTarget section */
		16C4D1081C3B490200516E4A /* MovieViewer */ = {
			isa = PBXNativeTarget;
			buildConfigurationList = 16C4D11B1C3B490300516E4A /* Build configuration list for PBXNativeTarget "MovieViewer" */;
			buildPhases = (
				16C4D1051C3B490200516E4A /* Sources */,
				16C4D1061C3B490200516E4A /* Frameworks */,
				16C4D1071C3B490200516E4A /* Resources */,
			);
			buildRules = (
			);
			dependencies = (
			);
			name = MovieViewer;
			productName = MovieViewer;
			productReference = 16C4D1091C3B490200516E4A /* MovieViewer.app */;
			productType = "com.apple.product-type.application";
		};
/* End PBXNativeTarget section */

/* Begin PBXProject section */
		16C4D1011C3B490200516E4A /* Project object */ = {
			isa = PBXProject;
			attributes = {
				LastSwiftUpdateCheck = 0710;
				LastUpgradeCheck = 0710;
				ORGANIZATIONNAME = "Takashi Wickes";
				TargetAttributes = {
					16C4D1081C3B490200516E4A = {
						CreatedOnToolsVersion = 7.1.1;
						DevelopmentTeam = 2K89K4HSF6;
					};
				};
			};
			buildConfigurationList = 16C4D1041C3B490200516E4A /* Build configuration list for PBXProject "MovieViewer" */;
			compatibilityVersion = "Xcode 3.2";
			developmentRegion = English;
			hasScannedForEncodings = 0;
			knownRegions = (
				en,
				Base,
			);
			mainGroup = 16C4D1001C3B490200516E4A;
			productRefGroup = 16C4D10A1C3B490200516E4A /* Products */;
			projectDirPath = "";
			projectRoot = "";
			targets = (
				16C4D1081C3B490200516E4A /* MovieViewer */,
			);
		};
/* End PBXProject section */

/* Begin PBXResourcesBuildPhase section */
		16C4D1071C3B490200516E4A /* Resources */ = {
			isa = PBXResourcesBuildPhase;
			buildActionMask = 2147483647;
			files = (
				16C4D1171C3B490300516E4A /* LaunchScreen.storyboard in Resources */,
				16C4D1141C3B490300516E4A /* Assets.xcassets in Resources */,
				16C4D1121C3B490300516E4A /* Main.storyboard in Resources */,
			);
			runOnlyForDeploymentPostprocessing = 0;
		};
/* End PBXResourcesBuildPhase section */

/* Begin PBXSourcesBuildPhase section */
		16C4D1051C3B490200516E4A /* Sources */ = {
			isa = PBXSourcesBuildPhase;
			buildActionMask = 2147483647;
			files = (
				16C4D10D1C3B490300516E4A /* AppDelegate.swift in Sources */,
				16C4D11F1C3B49B600516E4A /* MovieViewController.swift in Sources */,
				169ECEDC1C3B56E7004FD2BB /* MovieCell.swift in Sources */,
			);
			runOnlyForDeploymentPostprocessing = 0;
		};
/* End PBXSourcesBuildPhase section */

/* Begin PBXVariantGroup section */
		16C4D1101C3B490300516E4A /* Main.storyboard */ = {
			isa = PBXVariantGroup;
			children = (
				16C4D1111C3B490300516E4A /* Base */,
			);
			name = Main.storyboard;
			sourceTree = "<group>";
		};
		16C4D1151C3B490300516E4A /* LaunchScreen.storyboard */ = {
			isa = PBXVariantGroup;
			children = (
				16C4D1161C3B490300516E4A /* Base */,
			);
			name = LaunchScreen.storyboard;
			sourceTree = "<group>";
		};
/* End PBXVariantGroup section */

/* Begin XCBuildConfiguration section */
		16C4D1191C3B490300516E4A /* Debug */ = {
			isa = XCBuildConfiguration;
			buildSettings = {
				ALWAYS_SEARCH_USER_PATHS = NO;
				CLANG_CXX_LANGUAGE_STANDARD = "gnu++0x";
				CLANG_CXX_LIBRARY = "libc++";
				CLANG_ENABLE_MODULES = YES;
				CLANG_ENABLE_OBJC_ARC = YES;
				CLANG_WARN_BOOL_CONVERSION = YES;
				CLANG_WARN_CONSTANT_CONVERSION = YES;
				CLANG_WARN_DIRECT_OBJC_ISA_USAGE = YES_ERROR;
				CLANG_WARN_EMPTY_BODY = YES;
				CLANG_WARN_ENUM_CONVERSION = YES;
				CLANG_WARN_INT_CONVERSION = YES;
				CLANG_WARN_OBJC_ROOT_CLASS = YES_ERROR;
				CLANG_WARN_UNREACHABLE_CODE = YES;
				CLANG_WARN__DUPLICATE_METHOD_MATCH = YES;
				"CODE_SIGN_IDENTITY[sdk=iphoneos*]" = "iPhone Developer";
				COPY_PHASE_STRIP = NO;
				DEBUG_INFORMATION_FORMAT = dwarf;
				ENABLE_STRICT_OBJC_MSGSEND = YES;
				ENABLE_TESTABILITY = YES;
				GCC_C_LANGUAGE_STANDARD = gnu99;
				GCC_DYNAMIC_NO_PIC = NO;
				GCC_NO_COMMON_BLOCKS = YES;
				GCC_OPTIMIZATION_LEVEL = 0;
				GCC_PREPROCESSOR_DEFINITIONS = (
					"DEBUG=1",
					"$(inherited)",
				);
				GCC_WARN_64_TO_32_BIT_CONVERSION = YES;
				GCC_WARN_ABOUT_RETURN_TYPE = YES_ERROR;
				GCC_WARN_UNDECLARED_SELECTOR = YES;
				GCC_WARN_UNINITIALIZED_AUTOS = YES_AGGRESSIVE;
				GCC_WARN_UNUSED_FUNCTION = YES;
				GCC_WARN_UNUSED_VARIABLE = YES;
				IPHONEOS_DEPLOYMENT_TARGET = 9.1;
				MTL_ENABLE_DEBUG_INFO = YES;
				ONLY_ACTIVE_ARCH = YES;
				SDKROOT = iphoneos;
				SWIFT_OPTIMIZATION_LEVEL = "-Onone";
				TARGETED_DEVICE_FAMILY = "1,2";
			};
			name = Debug;
		};
		16C4D11A1C3B490300516E4A /* Release */ = {
			isa = XCBuildConfiguration;
			buildSettings = {
				ALWAYS_SEARCH_USER_PATHS = NO;
				CLANG_CXX_LANGUAGE_STANDARD = "gnu++0x";
				CLANG_CXX_LIBRARY = "libc++";
				CLANG_ENABLE_MODULES = YES;
				CLANG_ENABLE_OBJC_ARC = YES;
				CLANG_WARN_BOOL_CONVERSION = YES;
				CLANG_WARN_CONSTANT_CONVERSION = YES;
				CLANG_WARN_DIRECT_OBJC_ISA_USAGE = YES_ERROR;
				CLANG_WARN_EMPTY_BODY = YES;
				CLANG_WARN_ENUM_CONVERSION = YES;
				CLANG_WARN_INT_CONVERSION = YES;
				CLANG_WARN_OBJC_ROOT_CLASS = YES_ERROR;
				CLANG_WARN_UNREACHABLE_CODE = YES;
				CLANG_WARN__DUPLICATE_METHOD_MATCH = YES;
				"CODE_SIGN_IDENTITY[sdk=iphoneos*]" = "iPhone Developer";
				COPY_PHASE_STRIP = NO;
				DEBUG_INFORMATION_FORMAT = "dwarf-with-dsym";
				ENABLE_NS_ASSERTIONS = NO;
				ENABLE_STRICT_OBJC_MSGSEND = YES;
				GCC_C_LANGUAGE_STANDARD = gnu99;
				GCC_NO_COMMON_BLOCKS = YES;
				GCC_WARN_64_TO_32_BIT_CONVERSION = YES;
				GCC_WARN_ABOUT_RETURN_TYPE = YES_ERROR;
				GCC_WARN_UNDECLARED_SELECTOR = YES;
				GCC_WARN_UNINITIALIZED_AUTOS = YES_AGGRESSIVE;
				GCC_WARN_UNUSED_FUNCTION = YES;
				GCC_WARN_UNUSED_VARIABLE = YES;
				IPHONEOS_DEPLOYMENT_TARGET = 9.1;
				MTL_ENABLE_DEBUG_INFO = NO;
				SDKROOT = iphoneos;
				TARGETED_DEVICE_FAMILY = "1,2";
				VALIDATE_PRODUCT = YES;
			};
			name = Release;
		};
		16C4D11C1C3B490300516E4A /* Debug */ = {
			isa = XCBuildConfiguration;
			buildSettings = {
				ASSETCATALOG_COMPILER_APPICON_NAME = AppIcon;
				INFOPLIST_FILE = MovieViewer/Info.plist;
				LD_RUNPATH_SEARCH_PATHS = "$(inherited) @executable_path/Frameworks";
				PRODUCT_BUNDLE_IDENTIFIER = com.takashiw.MovieViewer;
				PRODUCT_NAME = "$(TARGET_NAME)";
			};
			name = Debug;
		};
		16C4D11D1C3B490300516E4A /* Release */ = {
			isa = XCBuildConfiguration;
			buildSettings = {
				ASSETCATALOG_COMPILER_APPICON_NAME = AppIcon;
				INFOPLIST_FILE = MovieViewer/Info.plist;
				LD_RUNPATH_SEARCH_PATHS = "$(inherited) @executable_path/Frameworks";
				PRODUCT_BUNDLE_IDENTIFIER = com.takashiw.MovieViewer;
				PRODUCT_NAME = "$(TARGET_NAME)";
			};
			name = Release;
		};
/* End XCBuildConfiguration section */

/* Begin XCConfigurationList section */
		16C4D1041C3B490200516E4A /* Build configuration list for PBXProject "MovieViewer" */ = {
			isa = XCConfigurationList;
			buildConfigurations = (
				16C4D1191C3B490300516E4A /* Debug */,
				16C4D11A1C3B490300516E4A /* Release */,
			);
			defaultConfigurationIsVisible = 0;
			defaultConfigurationName = Release;
		};
		16C4D11B1C3B490300516E4A /* Build configuration list for PBXNativeTarget "MovieViewer" */ = {
			isa = XCConfigurationList;
			buildConfigurations = (
				16C4D11C1C3B490300516E4A /* Debug */,
				16C4D11D1C3B490300516E4A /* Release */,
			);
			defaultConfigurationIsVisible = 0;
			defaultConfigurationName = Release;
		};
/* End XCConfigurationList section */
	};
	rootObject = 16C4D1011C3B490200516E4A /* Project object */;
}
